{
  "version": "2",
  "remote": {
    "https://deno.land/std@0.178.0/http/http_status.ts": "8a7bcfe3ac025199ad804075385e57f63d055b2aed539d943ccc277616d6f932",
    "https://deno.land/std@0.181.0/bytes/concat.ts": "d26d6f3d7922e6d663dacfcd357563b7bf4a380ce5b9c2bbe0c8586662f25ce2",
    "https://deno.land/std@0.181.0/collections/distinct.ts": "5f9671702ace8bc0ca59237554e6d7509b08899338ce6f990d146d26538339ea",
    "https://deno.land/std@0.181.0/crypto/to_hash_string.ts": "6927c768f3e373a1be4a31555a45ccecf7bd413105455cc334ad3f908cfa986f",
    "https://deno.land/std@0.181.0/encoding/base64.ts": "144ae6234c1fbe5b68666c711dc15b1e9ee2aef6d42b3b4345bf9a6c91d70d0d",
    "https://deno.land/std@0.181.0/encoding/hex.ts": "b4b1a7cb678745b0bf181ed8cf2498c7be00d121a7de244b752fbf9c7d9c48cd",
    "https://deno.land/std@0.181.0/fmt/colors.ts": "d67e3cd9f472535241a8e410d33423980bec45047e343577554d3356e1f0ef4e",
    "https://deno.land/std@0.181.0/http/http_status.ts": "8a7bcfe3ac025199ad804075385e57f63d055b2aed539d943ccc277616d6f932",
    "https://deno.land/std@0.181.0/testing/_diff.ts": "1a3c044aedf77647d6cac86b798c6417603361b66b54c53331b312caeb447aea",
    "https://deno.land/std@0.181.0/testing/_format.ts": "a69126e8a469009adf4cf2a50af889aca364c349797e63174884a52ff75cf4c7",
    "https://deno.land/std@0.181.0/testing/_test_suite.ts": "30f018feeb3835f12ab198d8a518f9089b1bcb2e8c838a8b615ab10d5005465c",
    "https://deno.land/std@0.181.0/testing/asserts.ts": "e16d98b4d73ffc4ed498d717307a12500ae4f2cbe668f1a215632d19fcffc22f",
    "https://deno.land/std@0.181.0/testing/bdd.ts": "c5ca6d85940dbcc19b4d2bc3608d49ab65d81470aa91306d5efa4b0d5c945731",
    "https://deno.land/std@0.181.0/testing/mock.ts": "220ed9b8151cb2cac141043d4cfea7c47673fab5d18d1c1f0943297c8afb5d13",
    "https://deno.land/x/accept_ranges_parser@1.0.0/constants.ts": "eff985abce838c73f4d22ec61350b099fa8be449f18eead4eabab7fefa3e80a7",
    "https://deno.land/x/accept_ranges_parser@1.0.0/deps.ts": "8e17c669c74d88e614e2035e2dabf34c33d1ef5836d74e1d0d6d69a69cc4ecb1",
    "https://deno.land/x/accept_ranges_parser@1.0.0/mod.ts": "f3c6490097351e7d6fcf72bf1672a0527f31980dc4d526b4366c682002395599",
    "https://deno.land/x/accept_ranges_parser@1.0.0/parse.ts": "c2ccd846ca27f1a9323fbe7ecaa241d4dc14a3f56693449eddc2a69499ca49d8",
    "https://deno.land/x/accept_ranges_parser@1.0.0/stringify.ts": "d7d07368c495212145d9c760d173d6ddc95263719a82b0b7c468ee11a036a5c4",
    "https://deno.land/x/accept_ranges_parser@1.0.0/types.ts": "b1baf14ef6b2f903d80406ede848b45bb368b30550d29bb215a960842c3b8c0f",
    "https://deno.land/x/accept_ranges_parser@1.0.0/utils.ts": "9673274d3381dbd4372e01783c5b434be48ff604881cccaa57bc4bd0b6af2ce2",
    "https://deno.land/x/content_range_parser@1.0.0/constants.ts": "9ffeb039727cb9cf4c21f57fe3022a5de8a300955a6ded29c7127541e937f899",
    "https://deno.land/x/content_range_parser@1.0.0/deps.ts": "9a73d412feabba1a6dc7485bfcee1881af791b10f0381478041f045f2cea7b41",
    "https://deno.land/x/content_range_parser@1.0.0/mod.ts": "a82cda5e5b86911f246e1177d758345c589feafcc40f89f455e7038342f1c727",
    "https://deno.land/x/content_range_parser@1.0.0/parse.ts": "4eeff5073ca012e9c1a11a91bb804f043d846046a7fb88b0e3e065ab6792bc47",
    "https://deno.land/x/content_range_parser@1.0.0/stringify.ts": "70d9df6901fec5479508260024bf8f225ebdbd00c0905522129f6af2d44e7c38",
    "https://deno.land/x/content_range_parser@1.0.0/types.ts": "700340658738101f222b805cce3ef6966281da273da013220c25d9103e60a301",
    "https://deno.land/x/content_range_parser@1.0.0/utils.ts": "ed74b6aed3c6df12bd4d44c020bb5abf4858f572af168e811f35f3b06af3363b",
    "https://deno.land/x/content_range_parser@1.0.0/validate.ts": "5925366845b5b507f54f74bd810cc1a13cb4c11e7b2797fbd68d1d3e928e143e",
    "https://deno.land/x/http_header_db@1.0.0-beta.1/db.json": "1e80734d199d7cc6749af4ac0de2f5fb815e4707666a83d2272022e201ab9510",
    "https://deno.land/x/http_middleware@1.0.0/mod.ts": "a3b0809ce37f80568c362003a5b281564882b64dba53e12bf5a8f1e2b6bfc19e",
    "https://deno.land/x/http_middleware@1.0.0/types.ts": "9a40ebea7f906d7518f5765c7a633f5610ac4ebedb583b0c69395643c350f4d3",
    "https://deno.land/x/http_utils@1.0.0-beta.14/deps.ts": "b9618bd45a7d93f6c397b7e15b8a1dfd45457c3d185217bc24fb6c48b07ebf19",
    "https://deno.land/x/http_utils@1.0.0-beta.14/header.ts": "37e272988145fde8df876456434f5cae6beaefedde41b825502a3afe1b24d7a5",
    "https://deno.land/x/http_utils@1.0.0-beta.14/method.ts": "7fda7ca37bde7d875b955efe9dc331fe7dc9edb5623cdeed76fbaa13ad1038b6",
    "https://deno.land/x/http_utils@1.0.0-beta.14/response.ts": "f8b74d04e4f227d7e31ac96b1f3b916238f7b5c7615a7e475430fe9c45c8728e",
    "https://deno.land/x/isx@1.1.0/is_string.ts": "268254eab5f8dbc09ee879eb53675813cdc5350207dde436d457cb34462cc857",
    "https://deno.land/x/isx@1.1.1/is_null.ts": "02b30255073843d001e715a04382f1d6aebd77ed5506ffbb44bf77b9e20ebf7d",
    "https://deno.land/x/isx@1.1.1/is_number.ts": "27899cf8c67f304a2d0b635c0787d5197d7a5315525e7b98176b389139b5695a",
    "https://deno.land/x/isx@1.1.1/is_string.ts": "268254eab5f8dbc09ee879eb53675813cdc5350207dde436d457cb34462cc857",
    "https://deno.land/x/isx@1.1.1/is_undefined.ts": "561d7787e74bc56f83870df386bd0ed81d8006f2ee0062cf8903589fc89c51ac",
    "https://deno.land/x/isx@1.1.1/iterable/is_not_empty.ts": "7e0417b5d6a2d58cc5a446e0f55b8188504873ede0dbea19c5316ed9e21dad08",
    "https://deno.land/x/isx@1.1.1/number/is_non_negative_integer.ts": "ce7b63f40d22bd5575f008f370493e1ce4e5305f59144fb6362a459a2b13ccf1",
    "https://deno.land/x/prelude_js@1.0.0-beta.2/deps.ts": "8a8002b53623cfbf38b95ec23802f0580634546f3cc65875251ba80e28fe64aa",
    "https://deno.land/x/prelude_js@1.0.0-beta.2/mod.ts": "b9795ef8d664f0d061e80c0788f7b13370f6cb6be7aaa4386f3ae10bc3cc7e96",
    "https://deno.land/x/prelude_js@1.0.0-beta.2/multiary.ts": "afd3991456cea084bc2f995bd56b780c358ceff9c1f292ab7dfa5496af5172a8",
    "https://deno.land/x/prelude_js@1.0.0-beta.2/unary.ts": "b79963a09af544cdbf81caf341fb25887a453670455a0808ce8c595bec4cc7e1",
    "https://deno.land/x/prelude_js@1.0.0/trim.ts": "9e839053220bee1c5673026ccf4ddba475c3b982b3284b1d6b86e5440821de61",
    "https://deno.land/x/range_parser@1.2.0/deps.ts": "b250c816b454f719e84b80d5a64fcc103077d2539aa4c5049777cc0e26ab31e1",
    "https://deno.land/x/range_parser@1.2.0/mod.ts": "4406fe10eef8b97499b2cfdc71267cd1bf854d1c25be5df7cfefd6e065e4e55f",
    "https://deno.land/x/range_parser@1.2.0/parse.ts": "bff5f5a5283ad64f8c7635c9a5c02e1a6b316dad7c4d6a73b92415ca7386e8f5",
    "https://deno.land/x/range_parser@1.2.0/stringify.ts": "6b44df96f8bdda3f50dcc36ed61d60ba5107d7ccfab06b4a695d456eadc6ef80",
    "https://deno.land/x/range_parser@1.2.0/types.ts": "c84235550dd48cbd09e210d0593aad1ca620638600388bdc01700488bbc2f890",
    "https://deno.land/x/range_parser@1.2.0/validate.ts": "2cacbd9024428a05fe35b8ada1b85daa648ba6dfbb2275ac7b4b05823a08d61b",
    "https://deno.land/x/result_js@1.0.0/mod.ts": "6adb86316f36113bf2347a54210515c4f7669217caa86563ac25137643afad90",
    "https://deno.land/x/result_js@1.0.0/results.ts": "e918df4eb10e882a09a64d8b28eaad9b9a0042d0ae6ba534ba7416a9a48dcccb",
    "https://deno.land/x/result_js@1.0.0/types.ts": "89fc0f2f49dbb25680ca96dff8f7750ce79ec43f212aa98a5d9c0c1491c5ede5",
    "https://deno.land/x/result_js@1.0.0/utils.ts": "a288d81e3bc64e045043ac9699e699a5169844851d611532b4801cd8a4a98e98"
  }
}
